{
  "lockfile-version": 1,
  "manifest": {
    "version": 1,
    "install": {
      "go": {
        "pkg-path": "go",
        "version": "^1.22.0"
      },
      "isabelle": {
        "pkg-path": "isabelle",
        "version": "^2024"
      },
      "joker": {
        "pkg-path": "joker"
      }
    },
    "hook": {
      "on-activate": "  # Autogenerated by Flox\n\n  # Point GOENV to Flox environment cache\n  export GOENV=\"$FLOX_ENV_CACHE/goenv\"\n\n  # Install Go dependencies\n  go get .\n\n  # End autogenerated by Flox\n"
    },
    "profile": {},
    "options": {}
  },
  "packages": [
    {
      "attr_path": "go",
      "broken": false,
      "derivation": "/nix/store/2r15swr64lijifk39p1s8pz1qdzz61av-go-1.24.1.drv",
      "description": "Go Programming language",
      "install_id": "go",
      "license": "BSD-3-Clause",
      "locked_url": "https://github.com/flox/nixpkgs?rev=2631b0b7abcea6e640ce31cd78ea58910d31e650",
      "name": "go-1.24.1",
      "pname": "go",
      "rev": "2631b0b7abcea6e640ce31cd78ea58910d31e650",
      "rev_count": 782401,
      "rev_date": "2025-04-12T13:19:24Z",
      "scrape_date": "2025-04-14T01:11:25.166548Z",
      "stabilities": [
        "staging",
        "unstable"
      ],
      "unfree": false,
      "version": "1.24.1",
      "outputs_to_install": [
        "out"
      ],
      "outputs": {
        "out": "/nix/store/jp3z5jp9gaxsw7fdzbqn29aabmrxq62j-go-1.24.1"
      },
      "system": "aarch64-darwin",
      "group": "toplevel",
      "priority": 5
    },
    {
      "attr_path": "go",
      "broken": false,
      "derivation": "/nix/store/5v1ki81a8s0l7vw6yc055m92s9zdjf2m-go-1.24.1.drv",
      "description": "Go Programming language",
      "install_id": "go",
      "license": "BSD-3-Clause",
      "locked_url": "https://github.com/flox/nixpkgs?rev=2631b0b7abcea6e640ce31cd78ea58910d31e650",
      "name": "go-1.24.1",
      "pname": "go",
      "rev": "2631b0b7abcea6e640ce31cd78ea58910d31e650",
      "rev_count": 782401,
      "rev_date": "2025-04-12T13:19:24Z",
      "scrape_date": "2025-04-14T01:28:04.284709Z",
      "stabilities": [
        "staging",
        "unstable"
      ],
      "unfree": false,
      "version": "1.24.1",
      "outputs_to_install": [
        "out"
      ],
      "outputs": {
        "out": "/nix/store/6zvrmsmdg7p8yw3vii20g40b4zsh6kjr-go-1.24.1"
      },
      "system": "aarch64-linux",
      "group": "toplevel",
      "priority": 5
    },
    {
      "attr_path": "go",
      "broken": false,
      "derivation": "/nix/store/i6245g4awlsf4v1sgpfrd2x62lnsvf3r-go-1.24.1.drv",
      "description": "Go Programming language",
      "install_id": "go",
      "license": "BSD-3-Clause",
      "locked_url": "https://github.com/flox/nixpkgs?rev=2631b0b7abcea6e640ce31cd78ea58910d31e650",
      "name": "go-1.24.1",
      "pname": "go",
      "rev": "2631b0b7abcea6e640ce31cd78ea58910d31e650",
      "rev_count": 782401,
      "rev_date": "2025-04-12T13:19:24Z",
      "scrape_date": "2025-04-14T01:43:36.292567Z",
      "stabilities": [
        "staging",
        "unstable"
      ],
      "unfree": false,
      "version": "1.24.1",
      "outputs_to_install": [
        "out"
      ],
      "outputs": {
        "out": "/nix/store/2bcic1xcha2k11djynr488v3pg0nnghr-go-1.24.1"
      },
      "system": "x86_64-darwin",
      "group": "toplevel",
      "priority": 5
    },
    {
      "attr_path": "go",
      "broken": false,
      "derivation": "/nix/store/1ijki6qajaj2p58jmrq78pbs8vq3y078-go-1.24.1.drv",
      "description": "Go Programming language",
      "install_id": "go",
      "license": "BSD-3-Clause",
      "locked_url": "https://github.com/flox/nixpkgs?rev=2631b0b7abcea6e640ce31cd78ea58910d31e650",
      "name": "go-1.24.1",
      "pname": "go",
      "rev": "2631b0b7abcea6e640ce31cd78ea58910d31e650",
      "rev_count": 782401,
      "rev_date": "2025-04-12T13:19:24Z",
      "scrape_date": "2025-04-14T02:01:53.287191Z",
      "stabilities": [
        "staging",
        "unstable"
      ],
      "unfree": false,
      "version": "1.24.1",
      "outputs_to_install": [
        "out"
      ],
      "outputs": {
        "out": "/nix/store/g29rrn8qqlg4yjqv543ryrkimr7fk43h-go-1.24.1"
      },
      "system": "x86_64-linux",
      "group": "toplevel",
      "priority": 5
    },
    {
      "attr_path": "isabelle",
      "broken": false,
      "derivation": "/nix/store/li3hxl8j0na5a9jyj39nfmlc66g44h40-isabelle-2024.drv",
      "description": "A generic proof assistant",
      "install_id": "isabelle",
      "license": "BSD-3-Clause",
      "locked_url": "https://github.com/flox/nixpkgs?rev=2631b0b7abcea6e640ce31cd78ea58910d31e650",
      "name": "isabelle-2024",
      "pname": "isabelle",
      "rev": "2631b0b7abcea6e640ce31cd78ea58910d31e650",
      "rev_count": 782401,
      "rev_date": "2025-04-12T13:19:24Z",
      "scrape_date": "2025-04-14T01:11:25.537452Z",
      "stabilities": [
        "staging",
        "unstable"
      ],
      "unfree": false,
      "version": "2024",
      "outputs_to_install": [
        "out"
      ],
      "outputs": {
        "out": "/nix/store/q9b1rlh40bagg80nlmif8cn8bs9ifc8v-isabelle-2024"
      },
      "system": "aarch64-darwin",
      "group": "toplevel",
      "priority": 5
    },
    {
      "attr_path": "isabelle",
      "broken": false,
      "derivation": "/nix/store/3dsvpw3g9rdpwdk0d6qzhfhmyx7rqqh7-isabelle-2024.drv",
      "description": "A generic proof assistant",
      "install_id": "isabelle",
      "license": "BSD-3-Clause",
      "locked_url": "https://github.com/flox/nixpkgs?rev=2631b0b7abcea6e640ce31cd78ea58910d31e650",
      "name": "isabelle-2024",
      "pname": "isabelle",
      "rev": "2631b0b7abcea6e640ce31cd78ea58910d31e650",
      "rev_count": 782401,
      "rev_date": "2025-04-12T13:19:24Z",
      "scrape_date": "2025-04-14T01:28:05.384223Z",
      "stabilities": [
        "staging",
        "unstable"
      ],
      "unfree": false,
      "version": "2024",
      "outputs_to_install": [
        "out"
      ],
      "outputs": {
        "out": "/nix/store/050r9scwpr6l745gvmf9jx8y524i1b2h-isabelle-2024"
      },
      "system": "aarch64-linux",
      "group": "toplevel",
      "priority": 5
    },
    {
      "attr_path": "isabelle",
      "broken": false,
      "derivation": "/nix/store/3v27snnqf465br93gcfmk54pc8zp4dyp-isabelle-2024.drv",
      "description": "A generic proof assistant",
      "install_id": "isabelle",
      "license": "BSD-3-Clause",
      "locked_url": "https://github.com/flox/nixpkgs?rev=2631b0b7abcea6e640ce31cd78ea58910d31e650",
      "name": "isabelle-2024",
      "pname": "isabelle",
      "rev": "2631b0b7abcea6e640ce31cd78ea58910d31e650",
      "rev_count": 782401,
      "rev_date": "2025-04-12T13:19:24Z",
      "scrape_date": "2025-04-14T01:43:36.672503Z",
      "stabilities": [
        "staging",
        "unstable"
      ],
      "unfree": false,
      "version": "2024",
      "outputs_to_install": [
        "out"
      ],
      "outputs": {
        "out": "/nix/store/ai93ak4d02dw2690kr4jjdisbkalgj05-isabelle-2024"
      },
      "system": "x86_64-darwin",
      "group": "toplevel",
      "priority": 5
    },
    {
      "attr_path": "isabelle",
      "broken": false,
      "derivation": "/nix/store/972zp7czqzrn4k3x0npcp91x3hvxpa7z-isabelle-2024.drv",
      "description": "A generic proof assistant",
      "install_id": "isabelle",
      "license": "BSD-3-Clause",
      "locked_url": "https://github.com/flox/nixpkgs?rev=2631b0b7abcea6e640ce31cd78ea58910d31e650",
      "name": "isabelle-2024",
      "pname": "isabelle",
      "rev": "2631b0b7abcea6e640ce31cd78ea58910d31e650",
      "rev_count": 782401,
      "rev_date": "2025-04-12T13:19:24Z",
      "scrape_date": "2025-04-14T02:01:54.490528Z",
      "stabilities": [
        "staging",
        "unstable"
      ],
      "unfree": false,
      "version": "2024",
      "outputs_to_install": [
        "out"
      ],
      "outputs": {
        "out": "/nix/store/i4qvp34mwkfy4z2mqx4wz6rad269wsix-isabelle-2024"
      },
      "system": "x86_64-linux",
      "group": "toplevel",
      "priority": 5
    },
    {
      "attr_path": "joker",
      "broken": false,
      "derivation": "/nix/store/i6z41xkg8inn9wx5dp74yzk0357bfms1-joker-1.4.1.drv",
      "description": "Small Clojure interpreter and linter written in Go",
      "install_id": "joker",
      "license": "EPL-1.0",
      "locked_url": "https://github.com/flox/nixpkgs?rev=2631b0b7abcea6e640ce31cd78ea58910d31e650",
      "name": "joker-1.4.1",
      "pname": "joker",
      "rev": "2631b0b7abcea6e640ce31cd78ea58910d31e650",
      "rev_count": 782401,
      "rev_date": "2025-04-12T13:19:24Z",
      "scrape_date": "2025-04-14T01:11:25.592874Z",
      "stabilities": [
        "staging",
        "unstable"
      ],
      "unfree": false,
      "version": "1.4.1",
      "outputs_to_install": [
        "out"
      ],
      "outputs": {
        "out": "/nix/store/5zxhy7bm9dlbx2s6vavp8w7v8xz4s58l-joker-1.4.1"
      },
      "system": "aarch64-darwin",
      "group": "toplevel",
      "priority": 5
    },
    {
      "attr_path": "joker",
      "broken": false,
      "derivation": "/nix/store/9z082k4mnl6yh8ip0q4hhgbp1y04yggn-joker-1.4.1.drv",
      "description": "Small Clojure interpreter and linter written in Go",
      "install_id": "joker",
      "license": "EPL-1.0",
      "locked_url": "https://github.com/flox/nixpkgs?rev=2631b0b7abcea6e640ce31cd78ea58910d31e650",
      "name": "joker-1.4.1",
      "pname": "joker",
      "rev": "2631b0b7abcea6e640ce31cd78ea58910d31e650",
      "rev_count": 782401,
      "rev_date": "2025-04-12T13:19:24Z",
      "scrape_date": "2025-04-14T01:28:05.499062Z",
      "stabilities": [
        "staging",
        "unstable"
      ],
      "unfree": false,
      "version": "1.4.1",
      "outputs_to_install": [
        "out"
      ],
      "outputs": {
        "out": "/nix/store/clhx113ngg68kf5k49ryb2vpqyi6zdf6-joker-1.4.1"
      },
      "system": "aarch64-linux",
      "group": "toplevel",
      "priority": 5
    },
    {
      "attr_path": "joker",
      "broken": false,
      "derivation": "/nix/store/m7s9zrkk7z1s86sh2vrm0azv2g7i96jp-joker-1.4.1.drv",
      "description": "Small Clojure interpreter and linter written in Go",
      "install_id": "joker",
      "license": "EPL-1.0",
      "locked_url": "https://github.com/flox/nixpkgs?rev=2631b0b7abcea6e640ce31cd78ea58910d31e650",
      "name": "joker-1.4.1",
      "pname": "joker",
      "rev": "2631b0b7abcea6e640ce31cd78ea58910d31e650",
      "rev_count": 782401,
      "rev_date": "2025-04-12T13:19:24Z",
      "scrape_date": "2025-04-14T01:43:36.730224Z",
      "stabilities": [
        "staging",
        "unstable"
      ],
      "unfree": false,
      "version": "1.4.1",
      "outputs_to_install": [
        "out"
      ],
      "outputs": {
        "out": "/nix/store/si5pn78knrbl7jj4nvlq1a4jbay1njss-joker-1.4.1"
      },
      "system": "x86_64-darwin",
      "group": "toplevel",
      "priority": 5
    },
    {
      "attr_path": "joker",
      "broken": false,
      "derivation": "/nix/store/zgd3js8x0yjdcyr5cdvx4pccjy92prb5-joker-1.4.1.drv",
      "description": "Small Clojure interpreter and linter written in Go",
      "install_id": "joker",
      "license": "EPL-1.0",
      "locked_url": "https://github.com/flox/nixpkgs?rev=2631b0b7abcea6e640ce31cd78ea58910d31e650",
      "name": "joker-1.4.1",
      "pname": "joker",
      "rev": "2631b0b7abcea6e640ce31cd78ea58910d31e650",
      "rev_count": 782401,
      "rev_date": "2025-04-12T13:19:24Z",
      "scrape_date": "2025-04-14T02:01:54.615486Z",
      "stabilities": [
        "staging",
        "unstable"
      ],
      "unfree": false,
      "version": "1.4.1",
      "outputs_to_install": [
        "out"
      ],
      "outputs": {
        "out": "/nix/store/8m916cgjv4lhhr0bs9ps7n13y5f47z2f-joker-1.4.1"
      },
      "system": "x86_64-linux",
      "group": "toplevel",
      "priority": 5
    }
  ]
}
